
Microsoft Visual Studio Solution File, Format Version 12.00
# Visual Studio Version 16
VisualStudioVersion = 16.0.29920.165
MinimumVisualStudioVersion = 10.0.40219.1
Project("{9A19103F-16F7-4668-BE54-9A1E7A4F7556}") = "Octopus.Migrate.Example", "Octopus.Migrate.Example.csproj", "{3609DEAD-1171-4746-9BB3-5ABD9432ED41}"
EndProject
Project("{9A19103F-16F7-4668-BE54-9A1E7A4F7556}") = "Octopus.Migrate", "..\src\Octopus.Migrate.csproj", "{ADA40DCA-E080-4027-8DBB-49A16DC188C3}"
EndProject
Global
	GlobalSection(SolutionConfigurationPlatforms) = preSolution
		Debug|Any CPU = Debug|Any CPU
		Release|Any CPU = Release|Any CPU
	EndGlobalSection
	GlobalSection(ProjectConfigurationPlatforms) = postSolution
		{3609DEAD-1171-4746-9BB3-5ABD9432ED41}.Debug|Any CPU.ActiveCfg = Debug|Any CPU
		{3609DEAD-1171-4746-9BB3-5ABD9432ED41}.Debug|Any CPU.Build.0 = Debug|Any CPU
		{3609DEAD-1171-4746-9BB3-5ABD9432ED41}.Release|Any CPU.ActiveCfg = Release|Any CPU
		{3609DEAD-1171-4746-9BB3-5ABD9432ED41}.Release|Any CPU.Build.0 = Release|Any CPU
		{ADA40DCA-E080-4027-8DBB-49A16DC188C3}.Debug|Any CPU.ActiveCfg = Debug|Any CPU
		{ADA40DCA-E080-4027-8DBB-49A16DC188C3}.Debug|Any CPU.Build.0 = Debug|Any CPU
		{ADA40DCA-E080-4027-8DBB-49A16DC188C3}.Release|Any CPU.ActiveCfg = Release|Any CPU
		{ADA40DCA-E080-4027-8DBB-49A16DC188C3}.Release|Any CPU.Build.0 = Release|Any CPU
	EndGlobalSection
	GlobalSection(SolutionProperties) = preSolution
		HideSolutionNode = FALSE
	EndGlobalSection
	GlobalSection(ExtensibilityGlobals) = postSolution
		SolutionGuid = {D07EEDFE-427B-4086-B657-9DD86FEA6E3D}
	EndGlobalSection
EndGlobal
